<?xml version="1.0" encoding="utf-8"?>
<Project ToolsVersion="4.0" xmlns="http://schemas.microsoft.com/developer/msbuild/2003">
  <ItemGroup>
    <Filter Include="Source Files">
      <UniqueIdentifier>{4FC737F1-C7A5-4376-A066-2A32D752A2FF}</UniqueIdentifier>
      <Extensions>cpp;c;cc;cxx;def;odl;idl;hpj;bat;asm;asmx</Extensions>
    </Filter>
    <Filter Include="Header Files">
      <UniqueIdentifier>{93995380-89BD-4b04-88EB-625FBE52EBFB}</UniqueIdentifier>
      <Extensions>h;hh;hpp;hxx;hm;inl;inc;ipp;xsd</Extensions>
    </Filter>
    <Filter Include="Resource Files">
      <UniqueIdentifier>{67DA6AB6-F800-4c08-8B7A-83BB121AAD01}</UniqueIdentifier>
      <Extensions>rc;ico;cur;bmp;dlg;rc2;rct;bin;rgs;gif;jpg;jpeg;jpe;resx;tiff;tif;png;wav;mfcribbon-ms</Extensions>
    </Filter>
    <Filter Include="Shaders">
      <UniqueIdentifier>{696513f4-1124-489b-9d2c-ed71f32b5ac0}</UniqueIdentifier>
    </Filter>
    <Filter Include="Header Files\Framework">
      <UniqueIdentifier>{9d8b5f3a-6d12-4092-a886-f662b3f93d29}</UniqueIdentifier>
    </Filter>
    <Filter Include="Source Files\Framework">
      <UniqueIdentifier>{c2f8f4ea-243b-487b-a3cb-2e4bd290ddeb}</UniqueIdentifier>
    </Filter>
    <Filter Include="Header Files\VolumeRenderer">
      <UniqueIdentifier>{57115855-5e81-4dc6-8421-08f5c2d27f30}</UniqueIdentifier>
    </Filter>
    <Filter Include="Source Files\VolumeRenderer">
      <UniqueIdentifier>{4bc72fc5-6334-487c-b765-4e075da9c010}</UniqueIdentifier>
    </Filter>
    <Filter Include="Source Files\VolumeRenderer\Shaders">
      <UniqueIdentifier>{25802a6e-4096-4608-9ad8-f38138a0a423}</UniqueIdentifier>
    </Filter>
    <Filter Include="Header Files\VolumeRenderer\Shaders">
      <UniqueIdentifier>{3dc71555-b685-4187-bd7c-c46222783e67}</UniqueIdentifier>
    </Filter>
  </ItemGroup>
  <ItemGroup>
    <ClCompile Include="System.cpp">
      <Filter>Source Files\Framework</Filter>
    </ClCompile>
    <ClCompile Include="WinMain.cpp">
      <Filter>Source Files\Framework</Filter>
    </ClCompile>
    <ClCompile Include="D3D.cpp">
      <Filter>Source Files\Framework</Filter>
    </ClCompile>
    <ClCompile Include="Graphics.cpp">
      <Filter>Source Files\Framework</Filter>
    </ClCompile>
    <ClCompile Include="InputManager.cpp">
      <Filter>Source Files\Framework</Filter>
    </ClCompile>
    <ClCompile Include="Time.cpp">
      <Filter>Source Files\Framework</Filter>
    </ClCompile>
    <ClCompile Include="VolumeRenderer.cpp">
      <Filter>Source Files\VolumeRenderer</Filter>
    </ClCompile>
    <ClCompile Include="Model.cpp">
      <Filter>Source Files\VolumeRenderer\Shaders</Filter>
    </ClCompile>
    <ClCompile Include="Shader.cpp">
      <Filter>Source Files\VolumeRenderer\Shaders</Filter>
    </ClCompile>
    <ClCompile Include="RayCastMaterial.cpp">
      <Filter>Source Files\VolumeRenderer\Shaders</Filter>
    </ClCompile>
  </ItemGroup>
  <ItemGroup>
    <ClInclude Include="System.h">
      <Filter>Header Files\Framework</Filter>
    </ClInclude>
    <ClInclude Include="D3D.h">
      <Filter>Header Files\Framework</Filter>
    </ClInclude>
    <ClInclude Include="Graphics.h">
      <Filter>Header Files\Framework</Filter>
    </ClInclude>
    <ClInclude Include="InputManager.h">
      <Filter>Header Files\Framework</Filter>
    </ClInclude>
    <ClInclude Include="Time.h">
      <Filter>Header Files\Framework</Filter>
    </ClInclude>
    <ClInclude Include="VolumeRenderer.h">
      <Filter>Header Files\VolumeRenderer</Filter>
    </ClInclude>
    <ClInclude Include="Model.h">
      <Filter>Header Files\VolumeRenderer\Shaders</Filter>
    </ClInclude>
    <ClInclude Include="RayCastMaterial.h">
      <Filter>Header Files\VolumeRenderer\Shaders</Filter>
    </ClInclude>
    <ClInclude Include="Shader.h">
      <Filter>Header Files\VolumeRenderer\Shaders</Filter>
    </ClInclude>
  </ItemGroup>
  <ItemGroup>
    <None Include="model_position.hlsl">
      <Filter>Shaders</Filter>
    </None>
    <None Include="raycast.hlsl">
      <Filter>Shaders</Filter>
    </None>
  </ItemGroup>
</Project>